// !$*UTF8*$!
{
	archiveVersion = 1;
	classes = {
	};
	objectVersion = 48;
	objects = {

/* Begin PBXBuildFile section */
		0420CA3120626F6700CC0510 /* AppDelegate.swift in Sources */ = {isa = PBXBuildFile; fileRef = 0420CA3020626F6700CC0510 /* AppDelegate.swift */; };
		0420CA3320626F6700CC0510 /* ViewController.swift in Sources */ = {isa = PBXBuildFile; fileRef = 0420CA3220626F6700CC0510 /* ViewController.swift */; };
		0420CA3620626F6700CC0510 /* Main.storyboard in Resources */ = {isa = PBXBuildFile; fileRef = 0420CA3420626F6700CC0510 /* Main.storyboard */; };
		0420CA3820626F6700CC0510 /* Assets.xcassets in Resources */ = {isa = PBXBuildFile; fileRef = 0420CA3720626F6700CC0510 /* Assets.xcassets */; };
		0420CA3B20626F6700CC0510 /* LaunchScreen.storyboard in Resources */ = {isa = PBXBuildFile; fileRef = 0420CA3920626F6700CC0510 /* LaunchScreen.storyboard */; };
		0420CA5C2062737D00CC0510 /* Alamofire.framework in Frameworks */ = {isa = PBXBuildFile; fileRef = 0420CA4E206272EF00CC0510 /* Alamofire.framework */; };
/* End PBXBuildFile section */

/* Begin PBXContainerItemProxy section */
		0420CA4D206272EF00CC0510 /* PBXContainerItemProxy */ = {
			isa = PBXContainerItemProxy;
			containerPortal = 0420CA42206272EE00CC0510 /* Alamofire.xcodeproj */;
			proxyType = 2;
			remoteGlobalIDString = F8111E3319A95C8B0040E7D1;
			remoteInfo = "Alamofire iOS";
		};
		0420CA4F206272EF00CC0510 /* PBXContainerItemProxy */ = {
			isa = PBXContainerItemProxy;
			containerPortal = 0420CA42206272EE00CC0510 /* Alamofire.xcodeproj */;
			proxyType = 2;
			remoteGlobalIDString = F8111E3E19A95C8B0040E7D1;
			remoteInfo = "Alamofire iOS Tests";
		};
		0420CA51206272EF00CC0510 /* PBXContainerItemProxy */ = {
			isa = PBXContainerItemProxy;
			containerPortal = 0420CA42206272EE00CC0510 /* Alamofire.xcodeproj */;
			proxyType = 2;
			remoteGlobalIDString = 4DD67C0B1A5C55C900ED2280;
			remoteInfo = "Alamofire macOS";
		};
		0420CA53206272EF00CC0510 /* PBXContainerItemProxy */ = {
			isa = PBXContainerItemProxy;
			containerPortal = 0420CA42206272EE00CC0510 /* Alamofire.xcodeproj */;
			proxyType = 2;
			remoteGlobalIDString = F829C6B21A7A94F100A2CD59;
			remoteInfo = "Alamofire macOS Tests";
		};
		0420CA55206272EF00CC0510 /* PBXContainerItemProxy */ = {
			isa = PBXContainerItemProxy;
			containerPortal = 0420CA42206272EE00CC0510 /* Alamofire.xcodeproj */;
			proxyType = 2;
			remoteGlobalIDString = 4CF626EF1BA7CB3E0011A099;
			remoteInfo = "Alamofire tvOS";
		};
		0420CA57206272EF00CC0510 /* PBXContainerItemProxy */ = {
			isa = PBXContainerItemProxy;
			containerPortal = 0420CA42206272EE00CC0510 /* Alamofire.xcodeproj */;
			proxyType = 2;
			remoteGlobalIDString = 4CF626F81BA7CB3E0011A099;
			remoteInfo = "Alamofire tvOS Tests";
		};
		0420CA59206272EF00CC0510 /* PBXContainerItemProxy */ = {
			isa = PBXContainerItemProxy;
			containerPortal = 0420CA42206272EE00CC0510 /* Alamofire.xcodeproj */;
			proxyType = 2;
			remoteGlobalIDString = E4202FE01B667AA100C997FB;
			remoteInfo = "Alamofire watchOS";
		};
/* End PBXContainerItemProxy section */

/* Begin PBXFileReference section */
		0420CA2D20626F6700CC0510 /* bitcoinAPI.app */ = {isa = PBXFileReference; explicitFileType = wrapper.application; includeInIndex = 0; path = bitcoinAPI.app; sourceTree = BUILT_PRODUCTS_DIR; };
		0420CA3020626F6700CC0510 /* AppDelegate.swift */ = {isa = PBXFileReference; lastKnownFileType = sourcecode.swift; path = AppDelegate.swift; sourceTree = "<group>"; };
		0420CA3220626F6700CC0510 /* ViewController.swift */ = {isa = PBXFileReference; lastKnownFileType = sourcecode.swift; path = ViewController.swift; sourceTree = "<group>"; };
		0420CA3520626F6700CC0510 /* Base */ = {isa = PBXFileReference; lastKnownFileType = file.storyboard; name = Base; path = Base.lproj/Main.storyboard; sourceTree = "<group>"; };
		0420CA3720626F6700CC0510 /* Assets.xcassets */ = {isa = PBXFileReference; lastKnownFileType = folder.assetcatalog; path = Assets.xcassets; sourceTree = "<group>"; };
		0420CA3A20626F6700CC0510 /* Base */ = {isa = PBXFileReference; lastKnownFileType = file.storyboard; name = Base; path = Base.lproj/LaunchScreen.storyboard; sourceTree = "<group>"; };
		0420CA3C20626F6700CC0510 /* Info.plist */ = {isa = PBXFileReference; lastKnownFileType = text.plist.xml; path = Info.plist; sourceTree = "<group>"; };
		0420CA42206272EE00CC0510 /* Alamofire.xcodeproj */ = {isa = PBXFileReference; lastKnownFileType = "wrapper.pb-project"; path = Alamofire.xcodeproj; sourceTree = SOURCE_ROOT; };
/* End PBXFileReference section */

/* Begin PBXFrameworksBuildPhase section */
		0420CA2A20626F6700CC0510 /* Frameworks */ = {
			isa = PBXFrameworksBuildPhase;
			buildActionMask = 2147483647;
			files = (
				0420CA5C2062737D00CC0510 /* Alamofire.framework in Frameworks */,
			);
			runOnlyForDeploymentPostprocessing = 0;
		};
/* End PBXFrameworksBuildPhase section */

/* Begin PBXGroup section */
		0420CA2420626F6700CC0510 = {
			isa = PBXGroup;
			children = (
				0420CA2F20626F6700CC0510 /* bitcoinAPI */,
				0420CA2E20626F6700CC0510 /* Products */,
				0420CA5B2062737D00CC0510 /* Frameworks */,
			);
			sourceTree = "<group>";
		};
		0420CA2E20626F6700CC0510 /* Products */ = {
			isa = PBXGroup;
			children = (
				0420CA2D20626F6700CC0510 /* bitcoinAPI.app */,
			);
			name = Products;
			sourceTree = "<group>";
		};
		0420CA2F20626F6700CC0510 /* bitcoinAPI */ = {
			isa = PBXGroup;
			children = (
				0420CA42206272EE00CC0510 /* Alamofire.xcodeproj */,
				0420CA3020626F6700CC0510 /* AppDelegate.swift */,
				0420CA3220626F6700CC0510 /* ViewController.swift */,
				0420CA3420626F6700CC0510 /* Main.storyboard */,
				0420CA3720626F6700CC0510 /* Assets.xcassets */,
				0420CA3920626F6700CC0510 /* LaunchScreen.storyboard */,
				0420CA3C20626F6700CC0510 /* Info.plist */,
			);
			path = bitcoinAPI;
			sourceTree = "<group>";
		};
		0420CA43206272EE00CC0510 /* Products */ = {
			isa = PBXGroup;
			children = (
				0420CA4E206272EF00CC0510 /* Alamofire.framework */,
				0420CA50206272EF00CC0510 /* Alamofire iOS Tests.xctest */,
				0420CA52206272EF00CC0510 /* Alamofire.framework */,
				0420CA54206272EF00CC0510 /* Alamofire macOS Tests.xctest */,
				0420CA56206272EF00CC0510 /* Alamofire.framework */,
				0420CA58206272EF00CC0510 /* Alamofire tvOS Tests.xctest */,
				0420CA5A206272EF00CC0510 /* Alamofire.framework */,
			);
			name = Products;
			sourceTree = "<group>";
		};
		0420CA5B2062737D00CC0510 /* Frameworks */ = {
			isa = PBXGroup;
			children = (
			);
			name = Frameworks;
			sourceTree = "<group>";
		};
/* End PBXGroup section */

/* Begin PBXNativeTarget section */
		0420CA2C20626F6700CC0510 /* bitcoinAPI */ = {
			isa = PBXNativeTarget;
			buildConfigurationList = 0420CA3F20626F6700CC0510 /* Build configuration list for PBXNativeTarget "bitcoinAPI" */;
			buildPhases = (
				0420CA2920626F6700CC0510 /* Sources */,
				0420CA2A20626F6700CC0510 /* Frameworks */,
				0420CA2B20626F6700CC0510 /* Resources */,
			);
			buildRules = (
			);
			dependencies = (
			);
			name = bitcoinAPI;
			productName = bitcoinAPI;
			productReference = 0420CA2D20626F6700CC0510 /* bitcoinAPI.app */;
			productType = "com.apple.product-type.application";
		};
/* End PBXNativeTarget section */

/* Begin PBXProject section */
		0420CA2520626F6700CC0510 /* Project object */ = {
			isa = PBXProject;
			attributes = {
				LastSwiftUpdateCheck = 0920;
				LastUpgradeCheck = 0920;
				ORGANIZATIONNAME = brn.developers;
				TargetAttributes = {
					0420CA2C20626F6700CC0510 = {
						CreatedOnToolsVersion = 9.2;
						ProvisioningStyle = Automatic;
					};
				};
			};
			buildConfigurationList = 0420CA2820626F6700CC0510 /* Build configuration list for PBXProject "bitcoinAPI" */;
			compatibilityVersion = "Xcode 8.0";
			developmentRegion = en;
			hasScannedForEncodings = 0;
			knownRegions = (
				en,
				Base,
			);
			mainGroup = 0420CA2420626F6700CC0510;
			productRefGroup = 0420CA2E20626F6700CC0510 /* Products */;
			projectDirPath = "";
			projectReferences = (
				{
					ProductGroup = 0420CA43206272EE00CC0510 /* Products */;
					ProjectRef = 0420CA42206272EE00CC0510 /* Alamofire.xcodeproj */;
				},
			);
			projectRoot = "";
			targets = (
				0420CA2C20626F6700CC0510 /* bitcoinAPI */,
			);
		};
/* End PBXProject section */

/* Begin PBXReferenceProxy section */
		0420CA4E206272EF00CC0510 /* Alamofire.framework */ = {
			isa = PBXReferenceProxy;
			fileType = wrapper.framework;
			path = Alamofire.framework;
			remoteRef = 0420CA4D206272EF00CC0510 /* PBXContainerItemProxy */;
			sourceTree = BUILT_PRODUCTS_DIR;
		};
		0420CA50206272EF00CC0510 /* Alamofire iOS Tests.xctest */ = {
			isa = PBXReferenceProxy;
			fileType = wrapper.cfbundle;
			path = "Alamofire iOS Tests.xctest";
			remoteRef = 0420CA4F206272EF00CC0510 /* PBXContainerItemProxy */;
			sourceTree = BUILT_PRODUCTS_DIR;
		};
		0420CA52206272EF00CC0510 /* Alamofire.framework */ = {
			isa = PBXReferenceProxy;
			fileType = wrapper.framework;
			path = Alamofire.framework;
			remoteRef = 0420CA51206272EF00CC0510 /* PBXContainerItemProxy */;
			sourceTree = BUILT_PRODUCTS_DIR;
		};
		0420CA54206272EF00CC0510 /* Alamofire macOS Tests.xctest */ = {
			isa = PBXReferenceProxy;
			fileType = wrapper.cfbundle;
			path = "Alamofire macOS Tests.xctest";
			remoteRef = 0420CA53206272EF00CC0510 /* PBXContainerItemProxy */;
			sourceTree = BUILT_PRODUCTS_DIR;
		};
		0420CA56206272EF00CC0510 /* Alamofire.framework */ = {
			isa = PBXReferenceProxy;
			fileType = wrapper.framework;
			path = Alamofire.framework;
			remoteRef = 0420CA55206272EF00CC0510 /* PBXContainerItemProxy */;
			sourceTree = BUILT_PRODUCTS_DIR;
		};
		0420CA58206272EF00CC0510 /* Alamofire tvOS Tests.xctest */ = {
			isa = PBXReferenceProxy;
			fileType = wrapper.cfbundle;
			path = "Alamofire tvOS Tests.xctest";
			remoteRef = 0420CA57206272EF00CC0510 /* PBXContainerItemProxy */;
			sourceTree = BUILT_PRODUCTS_DIR;
		};
		0420CA5A206272EF00CC0510 /* Alamofire.framework */ = {
			isa = PBXReferenceProxy;
			fileType = wrapper.framework;
			path = Alamofire.framework;
			remoteRef = 0420CA59206272EF00CC0510 /* PBXContainerItemProxy */;
			sourceTree = BUILT_PRODUCTS_DIR;
		};
/* End PBXReferenceProxy section */

/* Begin PBXResourcesBuildPhase section */
		0420CA2B20626F6700CC0510 /* Resources */ = {
			isa = PBXResourcesBuildPhase;
			buildActionMask = 2147483647;
			files = (
				0420CA3B20626F6700CC0510 /* LaunchScreen.storyboard in Resources */,
				0420CA3820626F6700CC0510 /* Assets.xcassets in Resources */,
				0420CA3620626F6700CC0510 /* Main.storyboard in Resources */,
			);
			runOnlyForDeploymentPostprocessing = 0;
		};
/* End PBXResourcesBuildPhase section */

/* Begin PBXSourcesBuildPhase section */
		0420CA2920626F6700CC0510 /* Sources */ = {
			isa = PBXSourcesBuildPhase;
			buildActionMask = 2147483647;
			files = (
				0420CA3320626F6700CC0510 /* ViewController.swift in Sources */,
				0420CA3120626F6700CC0510 /* AppDelegate.swift in Sources */,
			);
			runOnlyForDeploymentPostprocessing = 0;
		};
/* End PBXSourcesBuildPhase section */

/* Begin PBXVariantGroup section */
		0420CA3420626F6700CC0510 /* Main.storyboard */ = {
			isa = PBXVariantGroup;
			children = (
				0420CA3520626F6700CC0510 /* Base */,
			);
			name = Main.storyboard;
			sourceTree = "<group>";
		};
		0420CA3920626F6700CC0510 /* LaunchScreen.storyboard */ = {
			isa = PBXVariantGroup;
			children = (
				0420CA3A20626F6700CC0510 /* Base */,
			);
			name = LaunchScreen.storyboard;
			sourceTree = "<group>";
		};
/* End PBXVariantGroup section */

/* Begin XCBuildConfiguration section */
		0420CA3D20626F6700CC0510 /* Debug */ = {
			isa = XCBuildConfiguration;
			buildSettings = {
				ALWAYS_SEARCH_USER_PATHS = NO;
				CLANG_ANALYZER_NONNULL = YES;
				CLANG_ANALYZER_NUMBER_OBJECT_CONVERSION = YES_AGGRESSIVE;
				CLANG_CXX_LANGUAGE_STANDARD = "gnu++14";
				CLANG_CXX_LIBRARY = "libc++";
				CLANG_ENABLE_MODULES = YES;
				CLANG_ENABLE_OBJC_ARC = YES;
				CLANG_WARN_BLOCK_CAPTURE_AUTORELEASING = YES;
				CLANG_WARN_BOOL_CONVERSION = YES;
				CLANG_WARN_COMMA = YES;
				CLANG_WARN_CONSTANT_CONVERSION = YES;
				CLANG_WARN_DIRECT_OBJC_ISA_USAGE = YES_ERROR;
				CLANG_WARN_DOCUMENTATION_COMMENTS = YES;
				CLANG_WARN_EMPTY_BODY = YES;
				CLANG_WARN_ENUM_CONVERSION = YES;
				CLANG_WARN_INFINITE_RECURSION = YES;
				CLANG_WARN_INT_CONVERSION = YES;
				CLANG_WARN_NON_LITERAL_NULL_CONVERSION = YES;
				CLANG_WARN_OBJC_LITERAL_CONVERSION = YES;
				CLANG_WARN_OBJC_ROOT_CLASS = YES_ERROR;
				CLANG_WARN_RANGE_LOOP_ANALYSIS = YES;
				CLANG_WARN_STRICT_PROTOTYPES = YES;
				CLANG_WARN_SUSPICIOUS_MOVE = YES;
				CLANG_WARN_UNGUARDED_AVAILABILITY = YES_AGGRESSIVE;
				CLANG_WARN_UNREACHABLE_CODE = YES;
				CLANG_WARN__DUPLICATE_METHOD_MATCH = YES;
				CODE_SIGN_IDENTITY = "iPhone Developer";
				COPY_PHASE_STRIP = NO;
				DEBUG_INFORMATION_FORMAT = dwarf;
				ENABLE_STRICT_OBJC_MSGSEND = YES;
				ENABLE_TESTABILITY = YES;
				GCC_C_LANGUAGE_STANDARD = gnu11;
				GCC_DYNAMIC_NO_PIC = NO;
				GCC_NO_COMMON_BLOCKS = YES;
				GCC_OPTIMIZATION_LEVEL = 0;
				GCC_PREPROCESSOR_DEFINITIONS = (
					"DEBUG=1",
					"$(inherited)",
				);
				GCC_WARN_64_TO_32_BIT_CONVERSION = YES;
				GCC_WARN_ABOUT_RETURN_TYPE = YES_ERROR;
				GCC_WARN_UNDECLARED_SELECTOR = YES;
				GCC_WARN_UNINITIALIZED_AUTOS = YES_AGGRESSIVE;
				GCC_WARN_UNUSED_FUNCTION = YES;
				GCC_WARN_UNUSED_VARIABLE = YES;
				IPHONEOS_DEPLOYMENT_TARGET = 11.2;
				MTL_ENABLE_DEBUG_INFO = YES;
				ONLY_ACTIVE_ARCH = YES;
				SDKROOT = iphoneos;
				SWIFT_ACTIVE_COMPILATION_CONDITIONS = DEBUG;
				SWIFT_OPTIMIZATION_LEVEL = "-Onone";
			};
			name = Debug;
		};
		0420CA3E20626F6700CC0510 /* Release */ = {
			isa = XCBuildConfiguration;
			buildSettings = {
				ALWAYS_SEARCH_USER_PATHS = NO;
				CLANG_ANALYZER_NONNULL = YES;
				CLANG_ANALYZER_NUMBER_OBJECT_CONVERSION = YES_AGGRESSIVE;
				CLANG_CXX_LANGUAGE_STANDARD = "gnu++14";
				CLANG_CXX_LIBRARY = "libc++";
				CLANG_ENABLE_MODULES = YES;
				CLANG_ENABLE_OBJC_ARC = YES;
				CLANG_WARN_BLOCK_CAPTURE_AUTORELEASING = YES;
				CLANG_WARN_BOOL_CONVERSION = YES;
				CLANG_WARN_COMMA = YES;
				CLANG_WARN_CONSTANT_CONVERSION = YES;
				CLANG_WARN_DIRECT_OBJC_ISA_USAGE = YES_ERROR;
				CLANG_WARN_DOCUMENTATION_COMMENTS = YES;
				CLANG_WARN_EMPTY_BODY = YES;
				CLANG_WARN_ENUM_CONVERSION = YES;
				CLANG_WARN_INFINITE_RECURSION = YES;
				CLANG_WARN_INT_CONVERSION = YES;
				CLANG_WARN_NON_LITERAL_NULL_CONVERSION = YES;
				CLANG_WARN_OBJC_LITERAL_CONVERSION = YES;
				CLANG_WARN_OBJC_ROOT_CLASS = YES_ERROR;
				CLANG_WARN_RANGE_LOOP_ANALYSIS = YES;
				CLANG_WARN_STRICT_PROTOTYPES = YES;
				CLANG_WARN_SUSPICIOUS_MOVE = YES;
				CLANG_WARN_UNGUARDED_AVAILABILITY = YES_AGGRESSIVE;
				CLANG_WARN_UNREACHABLE_CODE = YES;
				CLANG_WARN__DUPLICATE_METHOD_MATCH = YES;
				CODE_SIGN_IDENTITY = "iPhone Developer";
				COPY_PHASE_STRIP = NO;
				DEBUG_INFORMATION_FORMAT = "dwarf-with-dsym";
				ENABLE_NS_ASSERTIONS = NO;
				ENABLE_STRICT_OBJC_MSGSEND = YES;
				GCC_C_LANGUAGE_STANDARD = gnu11;
				GCC_NO_COMMON_BLOCKS = YES;
				GCC_WARN_64_TO_32_BIT_CONVERSION = YES;
				GCC_WARN_ABOUT_RETURN_TYPE = YES_ERROR;
				GCC_WARN_UNDECLARED_SELECTOR = YES;
				GCC_WARN_UNINITIALIZED_AUTOS = YES_AGGRESSIVE;
				GCC_WARN_UNUSED_FUNCTION = YES;
				GCC_WARN_UNUSED_VARIABLE = YES;
				IPHONEOS_DEPLOYMENT_TARGET = 11.2;
				MTL_ENABLE_DEBUG_INFO = NO;
				SDKROOT = iphoneos;
				SWIFT_OPTIMIZATION_LEVEL = "-Owholemodule";
				VALIDATE_PRODUCT = YES;
			};
			name = Release;
		};
		0420CA4020626F6700CC0510 /* Debug */ = {
			isa = XCBuildConfiguration;
			buildSettings = {
				ASSETCATALOG_COMPILER_APPICON_NAME = AppIcon;
				CODE_SIGN_STYLE = Automatic;
				DEVELOPMENT_TEAM = J33R4SB9AR;
				INFOPLIST_FILE = bitcoinAPI/Info.plist;
				LD_RUNPATH_SEARCH_PATHS = "$(inherited) @executable_path/Frameworks";
				PRODUCT_BUNDLE_IDENTIFIER = BRN.bitcoinAPI;
				PRODUCT_NAME = "$(TARGET_NAME)";
				SWIFT_VERSION = 4.0;
				TARGETED_DEVICE_FAMILY = "1,2";
			};
			name = Debug;
		};
		0420CA4120626F6700CC0510 /* Release */ = {
			isa = XCBuildConfiguration;
			buildSettings = {
				ASSETCATALOG_COMPILER_APPICON_NAME = AppIcon;
				CODE_SIGN_STYLE = Automatic;
				DEVELOPMENT_TEAM = J33R4SB9AR;
				INFOPLIST_FILE = bitcoinAPI/Info.plist;
				LD_RUNPATH_SEARCH_PATHS = "$(inherited) @executable_path/Frameworks";
				PRODUCT_BUNDLE_IDENTIFIER = BRN.bitcoinAPI;
				PRODUCT_NAME = "$(TARGET_NAME)";
				SWIFT_VERSION = 4.0;
				TARGETED_DEVICE_FAMILY = "1,2";
			};
			name = Release;
		};
/* End XCBuildConfiguration section */

/* Begin XCConfigurationList section */
		0420CA2820626F6700CC0510 /* Build configuration list for PBXProject "bitcoinAPI" */ = {
			isa = XCConfigurationList;
			buildConfigurations = (
				0420CA3D20626F6700CC0510 /* Debug */,
				0420CA3E20626F6700CC0510 /* Release */,
			);
			defaultConfigurationIsVisible = 0;
			defaultConfigurationName = Release;
		};
		0420CA3F20626F6700CC0510 /* Build configuration list for PBXNativeTarget "bitcoinAPI" */ = {
			isa = XCConfigurationList;
			buildConfigurations = (
				0420CA4020626F6700CC0510 /* Debug */,
				0420CA4120626F6700CC0510 /* Release */,
			);
			defaultConfigurationIsVisible = 0;
			defaultConfigurationName = Release;
		};
/* End XCConfigurationList section */
	};
	rootObject = 0420CA2520626F6700CC0510 /* Project object */;
}
